// !$*UTF8*$!
{
	archiveVersion = 1;
	classes = {
	};
	objectVersion = 56;
	objects = {

/* Begin PBXBuildFile section */
		770E93FC299E83FF00963DB5 /* AppDelegate.swift in Sources */ = {isa = PBXBuildFile; fileRef = 770E93FB299E83FF00963DB5 /* AppDelegate.swift */; };
		770E93FE299E83FF00963DB5 /* SceneDelegate.swift in Sources */ = {isa = PBXBuildFile; fileRef = 770E93FD299E83FF00963DB5 /* SceneDelegate.swift */; };
		770E9400299E83FF00963DB5 /* ViewController.swift in Sources */ = {isa = PBXBuildFile; fileRef = 770E93FF299E83FF00963DB5 /* ViewController.swift */; };
		770E9403299E83FF00963DB5 /* Main.storyboard in Resources */ = {isa = PBXBuildFile; fileRef = 770E9401299E83FF00963DB5 /* Main.storyboard */; };
		770E9405299E840000963DB5 /* Assets.xcassets in Resources */ = {isa = PBXBuildFile; fileRef = 770E9404299E840000963DB5 /* Assets.xcassets */; };
		770E9408299E840000963DB5 /* LaunchScreen.storyboard in Resources */ = {isa = PBXBuildFile; fileRef = 770E9406299E840000963DB5 /* LaunchScreen.storyboard */; };
		770E9410299E844100963DB5 /* StringsChallenges.swift in Sources */ = {isa = PBXBuildFile; fileRef = 770E940F299E844100963DB5 /* StringsChallenges.swift */; };
		770E9418299E873200963DB5 /* CodingChallengesTests.swift in Sources */ = {isa = PBXBuildFile; fileRef = 770E9417299E873200963DB5 /* CodingChallengesTests.swift */; };
		770E9420299E893300963DB5 /* StringsChallenges.swift in Sources */ = {isa = PBXBuildFile; fileRef = 770E940F299E844100963DB5 /* StringsChallenges.swift */; };
		ED76B69E2A30F4F400DB037E /* Readme.md in Resources */ = {isa = PBXBuildFile; fileRef = ED76B69D2A30F4F400DB037E /* Readme.md */; };
/* End PBXBuildFile section */

/* Begin PBXContainerItemProxy section */
		770E9419299E873200963DB5 /* PBXContainerItemProxy */ = {
			isa = PBXContainerItemProxy;
			containerPortal = 770E93F0299E83FF00963DB5 /* Project object */;
			proxyType = 1;
			remoteGlobalIDString = 770E93F7299E83FF00963DB5;
			remoteInfo = CodingChallenges;
		};
/* End PBXContainerItemProxy section */

/* Begin PBXFileReference section */
		770E93F8299E83FF00963DB5 /* CodingChallenges.app */ = {isa = PBXFileReference; explicitFileType = wrapper.application; includeInIndex = 0; path = CodingChallenges.app; sourceTree = BUILT_PRODUCTS_DIR; };
		770E93FB299E83FF00963DB5 /* AppDelegate.swift */ = {isa = PBXFileReference; lastKnownFileType = sourcecode.swift; path = AppDelegate.swift; sourceTree = "<group>"; };
		770E93FD299E83FF00963DB5 /* SceneDelegate.swift */ = {isa = PBXFileReference; lastKnownFileType = sourcecode.swift; path = SceneDelegate.swift; sourceTree = "<group>"; };
		770E93FF299E83FF00963DB5 /* ViewController.swift */ = {isa = PBXFileReference; lastKnownFileType = sourcecode.swift; path = ViewController.swift; sourceTree = "<group>"; };
		770E9402299E83FF00963DB5 /* Base */ = {isa = PBXFileReference; lastKnownFileType = file.storyboard; name = Base; path = Base.lproj/Main.storyboard; sourceTree = "<group>"; };
		770E9404299E840000963DB5 /* Assets.xcassets */ = {isa = PBXFileReference; lastKnownFileType = folder.assetcatalog; path = Assets.xcassets; sourceTree = "<group>"; };
		770E9407299E840000963DB5 /* Base */ = {isa = PBXFileReference; lastKnownFileType = file.storyboard; name = Base; path = Base.lproj/LaunchScreen.storyboard; sourceTree = "<group>"; };
		770E9409299E840000963DB5 /* Info.plist */ = {isa = PBXFileReference; lastKnownFileType = text.plist.xml; path = Info.plist; sourceTree = "<group>"; };
		770E940F299E844100963DB5 /* StringsChallenges.swift */ = {isa = PBXFileReference; lastKnownFileType = sourcecode.swift; path = StringsChallenges.swift; sourceTree = "<group>"; };
		770E9415299E873200963DB5 /* CodingChallengesTests.xctest */ = {isa = PBXFileReference; explicitFileType = wrapper.cfbundle; includeInIndex = 0; path = CodingChallengesTests.xctest; sourceTree = BUILT_PRODUCTS_DIR; };
		770E9417299E873200963DB5 /* CodingChallengesTests.swift */ = {isa = PBXFileReference; lastKnownFileType = sourcecode.swift; path = CodingChallengesTests.swift; sourceTree = "<group>"; };
		ED76B69D2A30F4F400DB037E /* Readme.md */ = {isa = PBXFileReference; lastKnownFileType = net.daringfireball.markdown; path = Readme.md; sourceTree = "<group>"; };
/* End PBXFileReference section */

/* Begin PBXFrameworksBuildPhase section */
		770E93F5299E83FF00963DB5 /* Frameworks */ = {
			isa = PBXFrameworksBuildPhase;
			buildActionMask = 2147483647;
			files = (
			);
			runOnlyForDeploymentPostprocessing = 0;
		};
		770E9412299E873200963DB5 /* Frameworks */ = {
			isa = PBXFrameworksBuildPhase;
			buildActionMask = 2147483647;
			files = (
			);
			runOnlyForDeploymentPostprocessing = 0;
		};
/* End PBXFrameworksBuildPhase section */

/* Begin PBXGroup section */
		770E93EF299E83FF00963DB5 = {
			isa = PBXGroup;
			children = (
				770E93FA299E83FF00963DB5 /* CodingChallenges */,
				770E9416299E873200963DB5 /* CodingChallengesTests */,
				770E93F9299E83FF00963DB5 /* Products */,
			);
			sourceTree = "<group>";
		};
		770E93F9299E83FF00963DB5 /* Products */ = {
			isa = PBXGroup;
			children = (
				770E93F8299E83FF00963DB5 /* CodingChallenges.app */,
				770E9415299E873200963DB5 /* CodingChallengesTests.xctest */,
			);
			name = Products;
			sourceTree = "<group>";
		};
		770E93FA299E83FF00963DB5 /* CodingChallenges */ = {
			isa = PBXGroup;
			children = (
				770E93FB299E83FF00963DB5 /* AppDelegate.swift */,
				770E93FD299E83FF00963DB5 /* SceneDelegate.swift */,
				770E93FF299E83FF00963DB5 /* ViewController.swift */,
				770E9401299E83FF00963DB5 /* Main.storyboard */,
				770E9404299E840000963DB5 /* Assets.xcassets */,
				770E9406299E840000963DB5 /* LaunchScreen.storyboard */,
				770E9409299E840000963DB5 /* Info.plist */,
				ED76B69C2A30F48E00DB037E /* Strings */,
			);
			path = CodingChallenges;
			sourceTree = "<group>";
		};
		770E9416299E873200963DB5 /* CodingChallengesTests */ = {
			isa = PBXGroup;
			children = (
				770E9417299E873200963DB5 /* CodingChallengesTests.swift */,
			);
			path = CodingChallengesTests;
			sourceTree = "<group>";
		};
		ED76B69C2A30F48E00DB037E /* Strings */ = {
			isa = PBXGroup;
			children = (
				770E940F299E844100963DB5 /* StringsChallenges.swift */,
				ED76B69D2A30F4F400DB037E /* Readme.md */,
			);
			path = Strings;
			sourceTree = "<group>";
		};
/* End PBXGroup section */

/* Begin PBXNativeTarget section */
		770E93F7299E83FF00963DB5 /* CodingChallenges */ = {
			isa = PBXNativeTarget;
			buildConfigurationList = 770E940C299E840000963DB5 /* Build configuration list for PBXNativeTarget "CodingChallenges" */;
			buildPhases = (
				770E93F4299E83FF00963DB5 /* Sources */,
				770E93F5299E83FF00963DB5 /* Frameworks */,
				770E93F6299E83FF00963DB5 /* Resources */,
			);
			buildRules = (
			);
			dependencies = (
			);
			name = CodingChallenges;
			productName = CodingChallenges;
			productReference = 770E93F8299E83FF00963DB5 /* CodingChallenges.app */;
			productType = "com.apple.product-type.application";
		};
		770E9414299E873200963DB5 /* CodingChallengesTests */ = {
			isa = PBXNativeTarget;
			buildConfigurationList = 770E941B299E873200963DB5 /* Build configuration list for PBXNativeTarget "CodingChallengesTests" */;
			buildPhases = (
				770E9411299E873200963DB5 /* Sources */,
				770E9412299E873200963DB5 /* Frameworks */,
				770E9413299E873200963DB5 /* Resources */,
			);
			buildRules = (
			);
			dependencies = (
				770E941A299E873200963DB5 /* PBXTargetDependency */,
			);
			name = CodingChallengesTests;
			productName = CodingChallengesTests;
			productReference = 770E9415299E873200963DB5 /* CodingChallengesTests.xctest */;
			productType = "com.apple.product-type.bundle.unit-test";
		};
/* End PBXNativeTarget section */

/* Begin PBXProject section */
		770E93F0299E83FF00963DB5 /* Project object */ = {
			isa = PBXProject;
			attributes = {
				BuildIndependentTargetsInParallel = 1;
				LastSwiftUpdateCheck = 1420;
				LastUpgradeCheck = 1420;
				TargetAttributes = {
					770E93F7299E83FF00963DB5 = {
						CreatedOnToolsVersion = 14.2;
					};
					770E9414299E873200963DB5 = {
						CreatedOnToolsVersion = 14.2;
						TestTargetID = 770E93F7299E83FF00963DB5;
					};
				};
			};
			buildConfigurationList = 770E93F3299E83FF00963DB5 /* Build configuration list for PBXProject "CodingChallenges" */;
			compatibilityVersion = "Xcode 14.0";
			developmentRegion = en;
			hasScannedForEncodings = 0;
			knownRegions = (
				en,
				Base,
			);
			mainGroup = 770E93EF299E83FF00963DB5;
			productRefGroup = 770E93F9299E83FF00963DB5 /* Products */;
			projectDirPath = "";
			projectRoot = "";
			targets = (
				770E93F7299E83FF00963DB5 /* CodingChallenges */,
				770E9414299E873200963DB5 /* CodingChallengesTests */,
			);
		};
/* End PBXProject section */

/* Begin PBXResourcesBuildPhase section */
		770E93F6299E83FF00963DB5 /* Resources */ = {
			isa = PBXResourcesBuildPhase;
			buildActionMask = 2147483647;
			files = (
				ED76B69E2A30F4F400DB037E /* Readme.md in Resources */,
				770E9408299E840000963DB5 /* LaunchScreen.storyboard in Resources */,
				770E9405299E840000963DB5 /* Assets.xcassets in Resources */,
				770E9403299E83FF00963DB5 /* Main.storyboard in Resources */,
			);
			runOnlyForDeploymentPostprocessing = 0;
		};
		770E9413299E873200963DB5 /* Resources */ = {
			isa = PBXResourcesBuildPhase;
			buildActionMask = 2147483647;
			files = (
			);
			runOnlyForDeploymentPostprocessing = 0;
		};
/* End PBXResourcesBuildPhase section */

/* Begin PBXSourcesBuildPhase section */
		770E93F4299E83FF00963DB5 /* Sources */ = {
			isa = PBXSourcesBuildPhase;
			buildActionMask = 2147483647;
			files = (
				770E9400299E83FF00963DB5 /* ViewController.swift in Sources */,
				770E93FC299E83FF00963DB5 /* AppDelegate.swift in Sources */,
				770E9410299E844100963DB5 /* StringsChallenges.swift in Sources */,
				770E93FE299E83FF00963DB5 /* SceneDelegate.swift in Sources */,
			);
			runOnlyForDeploymentPostprocessing = 0;
		};
		770E9411299E873200963DB5 /* Sources */ = {
			isa = PBXSourcesBuildPhase;
			buildActionMask = 2147483647;
			files = (
				770E9420299E893300963DB5 /* StringsChallenges.swift in Sources */,
				770E9418299E873200963DB5 /* CodingChallengesTests.swift in Sources */,
			);
			runOnlyForDeploymentPostprocessing = 0;
		};
/* End PBXSourcesBuildPhase section */

/* Begin PBXTargetDependency section */
		770E941A299E873200963DB5 /* PBXTargetDependency */ = {
			isa = PBXTargetDependency;
			target = 770E93F7299E83FF00963DB5 /* CodingChallenges */;
			targetProxy = 770E9419299E873200963DB5 /* PBXContainerItemProxy */;
		};
/* End PBXTargetDependency section */

/* Begin PBXVariantGroup section */
		770E9401299E83FF00963DB5 /* Main.storyboard */ = {
			isa = PBXVariantGroup;
			children = (
				770E9402299E83FF00963DB5 /* Base */,
			);
			name = Main.storyboard;
			sourceTree = "<group>";
		};
		770E9406299E840000963DB5 /* LaunchScreen.storyboard */ = {
			isa = PBXVariantGroup;
			children = (
				770E9407299E840000963DB5 /* Base */,
			);
			name = LaunchScreen.storyboard;
			sourceTree = "<group>";
		};
/* End PBXVariantGroup section */

/* Begin XCBuildConfiguration section */
		770E940A299E840000963DB5 /* Debug */ = {
			isa = XCBuildConfiguration;
			buildSettings = {
				ALWAYS_SEARCH_USER_PATHS = NO;
				CLANG_ANALYZER_NONNULL = YES;
				CLANG_ANALYZER_NUMBER_OBJECT_CONVERSION = YES_AGGRESSIVE;
				CLANG_CXX_LANGUAGE_STANDARD = "gnu++20";
				CLANG_ENABLE_MODULES = YES;
				CLANG_ENABLE_OBJC_ARC = YES;
				CLANG_ENABLE_OBJC_WEAK = YES;
				CLANG_WARN_BLOCK_CAPTURE_AUTORELEASING = YES;
				CLANG_WARN_BOOL_CONVERSION = YES;
				CLANG_WARN_COMMA = YES;
				CLANG_WARN_CONSTANT_CONVERSION = YES;
				CLANG_WARN_DEPRECATED_OBJC_IMPLEMENTATIONS = YES;
				CLANG_WARN_DIRECT_OBJC_ISA_USAGE = YES_ERROR;
				CLANG_WARN_DOCUMENTATION_COMMENTS = YES;
				CLANG_WARN_EMPTY_BODY = YES;
				CLANG_WARN_ENUM_CONVERSION = YES;
				CLANG_WARN_INFINITE_RECURSION = YES;
				CLANG_WARN_INT_CONVERSION = YES;
				CLANG_WARN_NON_LITERAL_NULL_CONVERSION = YES;
				CLANG_WARN_OBJC_IMPLICIT_RETAIN_SELF = YES;
				CLANG_WARN_OBJC_LITERAL_CONVERSION = YES;
				CLANG_WARN_OBJC_ROOT_CLASS = YES_ERROR;
				CLANG_WARN_QUOTED_INCLUDE_IN_FRAMEWORK_HEADER = YES;
				CLANG_WARN_RANGE_LOOP_ANALYSIS = YES;
				CLANG_WARN_STRICT_PROTOTYPES = YES;
				CLANG_WARN_SUSPICIOUS_MOVE = YES;
				CLANG_WARN_UNGUARDED_AVAILABILITY = YES_AGGRESSIVE;
				CLANG_WARN_UNREACHABLE_CODE = YES;
				CLANG_WARN__DUPLICATE_METHOD_MATCH = YES;
				COPY_PHASE_STRIP = NO;
				DEBUG_INFORMATION_FORMAT = dwarf;
				ENABLE_STRICT_OBJC_MSGSEND = YES;
				ENABLE_TESTABILITY = YES;
				GCC_C_LANGUAGE_STANDARD = gnu11;
				GCC_DYNAMIC_NO_PIC = NO;
				GCC_NO_COMMON_BLOCKS = YES;
				GCC_OPTIMIZATION_LEVEL = 0;
				GCC_PREPROCESSOR_DEFINITIONS = (
					"DEBUG=1",
					"$(inherited)",
				);
				GCC_WARN_64_TO_32_BIT_CONVERSION = YES;
				GCC_WARN_ABOUT_RETURN_TYPE = YES_ERROR;
				GCC_WARN_UNDECLARED_SELECTOR = YES;
				GCC_WARN_UNINITIALIZED_AUTOS = YES_AGGRESSIVE;
				GCC_WARN_UNUSED_FUNCTION = YES;
				GCC_WARN_UNUSED_VARIABLE = YES;
				IPHONEOS_DEPLOYMENT_TARGET = 16.2;
				MTL_ENABLE_DEBUG_INFO = INCLUDE_SOURCE;
				MTL_FAST_MATH = YES;
				ONLY_ACTIVE_ARCH = YES;
				SDKROOT = iphoneos;
				SWIFT_ACTIVE_COMPILATION_CONDITIONS = DEBUG;
				SWIFT_OPTIMIZATION_LEVEL = "-Onone";
			};
			name = Debug;
		};
		770E940B299E840000963DB5 /* Release */ = {
			isa = XCBuildConfiguration;
			buildSettings = {
				ALWAYS_SEARCH_USER_PATHS = NO;
				CLANG_ANALYZER_NONNULL = YES;
				CLANG_ANALYZER_NUMBER_OBJECT_CONVERSION = YES_AGGRESSIVE;
				CLANG_CXX_LANGUAGE_STANDARD = "gnu++20";
				CLANG_ENABLE_MODULES = YES;
				CLANG_ENABLE_OBJC_ARC = YES;
				CLANG_ENABLE_OBJC_WEAK = YES;
				CLANG_WARN_BLOCK_CAPTURE_AUTORELEASING = YES;
				CLANG_WARN_BOOL_CONVERSION = YES;
				CLANG_WARN_COMMA = YES;
				CLANG_WARN_CONSTANT_CONVERSION = YES;
				CLANG_WARN_DEPRECATED_OBJC_IMPLEMENTATIONS = YES;
				CLANG_WARN_DIRECT_OBJC_ISA_USAGE = YES_ERROR;
				CLANG_WARN_DOCUMENTATION_COMMENTS = YES;
				CLANG_WARN_EMPTY_BODY = YES;
				CLANG_WARN_ENUM_CONVERSION = YES;
				CLANG_WARN_INFINITE_RECURSION = YES;
				CLANG_WARN_INT_CONVERSION = YES;
				CLANG_WARN_NON_LITERAL_NULL_CONVERSION = YES;
				CLANG_WARN_OBJC_IMPLICIT_RETAIN_SELF = YES;
				CLANG_WARN_OBJC_LITERAL_CONVERSION = YES;
				CLANG_WARN_OBJC_ROOT_CLASS = YES_ERROR;
				CLANG_WARN_QUOTED_INCLUDE_IN_FRAMEWORK_HEADER = YES;
				CLANG_WARN_RANGE_LOOP_ANALYSIS = YES;
				CLANG_WARN_STRICT_PROTOTYPES = YES;
				CLANG_WARN_SUSPICIOUS_MOVE = YES;
				CLANG_WARN_UNGUARDED_AVAILABILITY = YES_AGGRESSIVE;
				CLANG_WARN_UNREACHABLE_CODE = YES;
				CLANG_WARN__DUPLICATE_METHOD_MATCH = YES;
				COPY_PHASE_STRIP = NO;
				DEBUG_INFORMATION_FORMAT = "dwarf-with-dsym";
				ENABLE_NS_ASSERTIONS = NO;
				ENABLE_STRICT_OBJC_MSGSEND = YES;
				GCC_C_LANGUAGE_STANDARD = gnu11;
				GCC_NO_COMMON_BLOCKS = YES;
				GCC_WARN_64_TO_32_BIT_CONVERSION = YES;
				GCC_WARN_ABOUT_RETURN_TYPE = YES_ERROR;
				GCC_WARN_UNDECLARED_SELECTOR = YES;
				GCC_WARN_UNINITIALIZED_AUTOS = YES_AGGRESSIVE;
				GCC_WARN_UNUSED_FUNCTION = YES;
				GCC_WARN_UNUSED_VARIABLE = YES;
				IPHONEOS_DEPLOYMENT_TARGET = 16.2;
				MTL_ENABLE_DEBUG_INFO = NO;
				MTL_FAST_MATH = YES;
				SDKROOT = iphoneos;
				SWIFT_COMPILATION_MODE = wholemodule;
				SWIFT_OPTIMIZATION_LEVEL = "-O";
				VALIDATE_PRODUCT = YES;
			};
			name = Release;
		};
		770E940D299E840000963DB5 /* Debug */ = {
			isa = XCBuildConfiguration;
			buildSettings = {
				ASSETCATALOG_COMPILER_APPICON_NAME = AppIcon;
				ASSETCATALOG_COMPILER_GLOBAL_ACCENT_COLOR_NAME = AccentColor;
				CODE_SIGN_STYLE = Automatic;
				CURRENT_PROJECT_VERSION = 1;
				DEVELOPMENT_TEAM = R5KCJK23K5;
				GENERATE_INFOPLIST_FILE = YES;
				INFOPLIST_FILE = CodingChallenges/Info.plist;
				INFOPLIST_KEY_UIApplicationSupportsIndirectInputEvents = YES;
				INFOPLIST_KEY_UILaunchStoryboardName = LaunchScreen;
				INFOPLIST_KEY_UIMainStoryboardFile = Main;
				INFOPLIST_KEY_UISupportedInterfaceOrientations_iPad = "UIInterfaceOrientationPortrait UIInterfaceOrientationPortraitUpsideDown UIInterfaceOrientationLandscapeLeft UIInterfaceOrientationLandscapeRight";
				INFOPLIST_KEY_UISupportedInterfaceOrientations_iPhone = "UIInterfaceOrientationPortrait UIInterfaceOrientationLandscapeLeft UIInterfaceOrientationLandscapeRight";
				LD_RUNPATH_SEARCH_PATHS = (
					"$(inherited)",
					"@executable_path/Frameworks",
				);
				MARKETING_VERSION = 1.0;
				PRODUCT_BUNDLE_IDENTIFIER = Globant.CodingChallenges;
				PRODUCT_NAME = "$(TARGET_NAME)";
				SWIFT_EMIT_LOC_STRINGS = YES;
				SWIFT_VERSION = 5.0;
				TARGETED_DEVICE_FAMILY = "1,2";
			};
			name = Debug;
		};
		770E940E299E840000963DB5 /* Release */ = {
			isa = XCBuildConfiguration;
			buildSettings = {
				ASSETCATALOG_COMPILER_APPICON_NAME = AppIcon;
				ASSETCATALOG_COMPILER_GLOBAL_ACCENT_COLOR_NAME = AccentColor;
				CODE_SIGN_STYLE = Automatic;
				CURRENT_PROJECT_VERSION = 1;
				DEVELOPMENT_TEAM = R5KCJK23K5;
				GENERATE_INFOPLIST_FILE = YES;
				INFOPLIST_FILE = CodingChallenges/Info.plist;
				INFOPLIST_KEY_UIApplicationSupportsIndirectInputEvents = YES;
				INFOPLIST_KEY_UILaunchStoryboardName = LaunchScreen;
				INFOPLIST_KEY_UIMainStoryboardFile = Main;
				INFOPLIST_KEY_UISupportedInterfaceOrientations_iPad = "UIInterfaceOrientationPortrait UIInterfaceOrientationPortraitUpsideDown UIInterfaceOrientationLandscapeLeft UIInterfaceOrientationLandscapeRight";
				INFOPLIST_KEY_UISupportedInterfaceOrientations_iPhone = "UIInterfaceOrientationPortrait UIInterfaceOrientationLandscapeLeft UIInterfaceOrientationLandscapeRight";
				LD_RUNPATH_SEARCH_PATHS = (
					"$(inherited)",
					"@executable_path/Frameworks",
				);
				MARKETING_VERSION = 1.0;
				PRODUCT_BUNDLE_IDENTIFIER = Globant.CodingChallenges;
				PRODUCT_NAME = "$(TARGET_NAME)";
				SWIFT_EMIT_LOC_STRINGS = YES;
				SWIFT_VERSION = 5.0;
				TARGETED_DEVICE_FAMILY = "1,2";
			};
			name = Release;
		};
		770E941C299E873200963DB5 /* Debug */ = {
			isa = XCBuildConfiguration;
			buildSettings = {
				BUNDLE_LOADER = "$(TEST_HOST)";
				CODE_SIGN_STYLE = Automatic;
				CURRENT_PROJECT_VERSION = 1;
				DEVELOPMENT_TEAM = R5KCJK23K5;
				GENERATE_INFOPLIST_FILE = YES;
				IPHONEOS_DEPLOYMENT_TARGET = 16.2;
				MACOSX_DEPLOYMENT_TARGET = 13.1;
				MARKETING_VERSION = 1.0;
				PRODUCT_BUNDLE_IDENTIFIER = Globant.CodingChallengesTests;
				PRODUCT_NAME = "$(TARGET_NAME)";
				SDKROOT = auto;
				SUPPORTED_PLATFORMS = "iphoneos iphonesimulator macosx";
				SWIFT_EMIT_LOC_STRINGS = NO;
				SWIFT_VERSION = 5.0;
				TARGETED_DEVICE_FAMILY = "1,2";
				TEST_HOST = "$(BUILT_PRODUCTS_DIR)/CodingChallenges.app/$(BUNDLE_EXECUTABLE_FOLDER_PATH)/CodingChallenges";
			};
			name = Debug;
		};
		770E941D299E873200963DB5 /* Release */ = {
			isa = XCBuildConfiguration;
			buildSettings = {
				BUNDLE_LOADER = "$(TEST_HOST)";
				CODE_SIGN_STYLE = Automatic;
				CURRENT_PROJECT_VERSION = 1;
				DEVELOPMENT_TEAM = R5KCJK23K5;
				GENERATE_INFOPLIST_FILE = YES;
				IPHONEOS_DEPLOYMENT_TARGET = 16.2;
				MACOSX_DEPLOYMENT_TARGET = 13.1;
				MARKETING_VERSION = 1.0;
				PRODUCT_BUNDLE_IDENTIFIER = Globant.CodingChallengesTests;
				PRODUCT_NAME = "$(TARGET_NAME)";
				SDKROOT = auto;
				SUPPORTED_PLATFORMS = "iphoneos iphonesimulator macosx";
				SWIFT_EMIT_LOC_STRINGS = NO;
				SWIFT_VERSION = 5.0;
				TARGETED_DEVICE_FAMILY = "1,2";
				TEST_HOST = "$(BUILT_PRODUCTS_DIR)/CodingChallenges.app/$(BUNDLE_EXECUTABLE_FOLDER_PATH)/CodingChallenges";
			};
			name = Release;
		};
/* End XCBuildConfiguration section */

/* Begin XCConfigurationList section */
		770E93F3299E83FF00963DB5 /* Build configuration list for PBXProject "CodingChallenges" */ = {
			isa = XCConfigurationList;
			buildConfigurations = (
				770E940A299E840000963DB5 /* Debug */,
				770E940B299E840000963DB5 /* Release */,
			);
			defaultConfigurationIsVisible = 0;
			defaultConfigurationName = Release;
		};
		770E940C299E840000963DB5 /* Build configuration list for PBXNativeTarget "CodingChallenges" */ = {
			isa = XCConfigurationList;
			buildConfigurations = (
				770E940D299E840000963DB5 /* Debug */,
				770E940E299E840000963DB5 /* Release */,
			);
			defaultConfigurationIsVisible = 0;
			defaultConfigurationName = Release;
		};
		770E941B299E873200963DB5 /* Build configuration list for PBXNativeTarget "CodingChallengesTests" */ = {
			isa = XCConfigurationList;
			buildConfigurations = (
				770E941C299E873200963DB5 /* Debug */,
				770E941D299E873200963DB5 /* Release */,
			);
			defaultConfigurationIsVisible = 0;
			defaultConfigurationName = Release;
		};
/* End XCConfigurationList section */
	};
	rootObject = 770E93F0299E83FF00963DB5 /* Project object */;
}
